
Microsoft Visual Studio Solution File, Format Version 12.00
# Visual Studio Version 17
VisualStudioVersion = 17.6.33829.357
MinimumVisualStudioVersion = 10.0.40219.1
Project("{FAE04EC0-301F-11D3-BF4B-00C04F79EFBC}") = "ServerforFYP", "ServerforFYP\ServerforFYP.csproj", "{FEE5A4D3-7619-4605-B1A8-1AD840A0B2B7}"
EndProject
Global
	GlobalSection(SolutionConfigurationPlatforms) = preSolution
		Debug|Any CPU = Debug|Any CPU
		Release|Any CPU = Release|Any CPU
	EndGlobalSection
	GlobalSection(ProjectConfigurationPlatforms) = postSolution
		{FEE5A4D3-7619-4605-B1A8-1AD840A0B2B7}.Debug|Any CPU.ActiveCfg = Debug|Any CPU
		{FEE5A4D3-7619-4605-B1A8-1AD840A0B2B7}.Debug|Any CPU.Build.0 = Debug|Any CPU
		{FEE5A4D3-7619-4605-B1A8-1AD840A0B2B7}.Release|Any CPU.ActiveCfg = Release|Any CPU
		{FEE5A4D3-7619-4605-B1A8-1AD840A0B2B7}.Release|Any CPU.Build.0 = Release|Any CPU
	EndGlobalSection
	GlobalSection(SolutionProperties) = preSolution
		HideSolutionNode = FALSE
	EndGlobalSection
	GlobalSection(ExtensibilityGlobals) = postSolution
		SolutionGuid = {2D406B3F-7183-46FE-A0A2-4EE32CE8BA7F}
	EndGlobalSection
EndGlobal
